<?xml version="1.0" encoding="utf-8"?>
<!--
xmake version 2.8.1+dev.732d60063

  This file is auto generated by xmake.

  Please DO NOT EDIT since all your modification will lost after re-generation.
  See https://github.com/xmake-io/xmake/pull/472 for more infomation.
-->
<Project ToolsVersion="4.0" xmlns="http://schemas.microsoft.com/developer/msbuild/2003">
  <ItemGroup>
    <Filter Include="Properties">
      <UniqueIdentifier>{CC7C6180-942D-056E-3227-E6A2B3FB19CD}</UniqueIdentifier>
    </Filter>
    <Filter Include="include">
      <UniqueIdentifier>{04CCF0D3-2EF0-416E-960B-AE7879D46B6B}</UniqueIdentifier>
    </Filter>
    <Filter Include="include\CoraEngineLibrarie">
      <UniqueIdentifier>{83F062D6-3CCE-4DE0-84FC-BBA5DC206F9A}</UniqueIdentifier>
    </Filter>
    <Filter Include="src">
      <UniqueIdentifier>{491FBF00-292E-479F-8C8F-7A2AC045023A}</UniqueIdentifier>
    </Filter>
    <Filter Include="src\CoraEngineLibrarie">
      <UniqueIdentifier>{947FCB62-919F-40A8-A608-ADFAC3404946}</UniqueIdentifier>
    </Filter>
  </ItemGroup>
  <ItemGroup>
    <None Include="$(MSBuildProjectDirectory)\Xmake.Custom.props">
      <Filter>Properties</Filter>
    </None>
    <None Include="$(MSBuildProjectDirectory)\Xmake.Custom.targets">
      <Filter>Properties</Filter>
    </None>
    <None Include="$(MSBuildProjectDirectory)\Xmake.Custom.items">
      <Filter>Properties</Filter>
    </None>
    <None Include="$(MSBuildProjectDirectory)\Xmake.Custom.items.filters">
      <Filter>Properties</Filter>
    </None>
  </ItemGroup>
  <ItemGroup>
    <ClInclude Include="$(XmakeProjectDir)\include\CoraEngineLibrarie\Constant.h">
      <Filter>include\CoraEngineLibrarie</Filter>
    </ClInclude>
    <ClInclude Include="$(XmakeProjectDir)\include\CoraEngineLibrarie\Export.hpp">
      <Filter>include\CoraEngineLibrarie</Filter>
    </ClInclude>
    <ClInclude Include="$(XmakeProjectDir)\include\CoraEngineLibrarie\Player.h">
      <Filter>include\CoraEngineLibrarie</Filter>
    </ClInclude>
    <ClInclude Include="$(XmakeProjectDir)\include\CoraEngineLibrarie\TextureManager.hpp">
      <Filter>include\CoraEngineLibrarie</Filter>
    </ClInclude>
    <ClInclude Include="..\..\include\CoraEngineLibrarie\MapManager.hpp">
      <Filter>include\CoraEngineLibrarie</Filter>
    </ClInclude>
  </ItemGroup>
  <ItemGroup>
    <ClCompile Include="$(XmakeProjectDir)\src\CoraEngineLibrarie\Player.cpp">
      <Filter>src\CoraEngineLibrarie</Filter>
    </ClCompile>
    <ClCompile Include="$(XmakeProjectDir)\src\CoraEngineLibrarie\TextureManager.cpp">
      <Filter>src\CoraEngineLibrarie</Filter>
    </ClCompile>
    <ClCompile Include="..\..\src\CoraEngineLibrarie\MapManager.cpp">
      <Filter>src\CoraEngineLibrarie</Filter>
    </ClCompile>
  </ItemGroup>
  <ItemGroup>
  </ItemGroup>
  <ItemGroup>
  </ItemGroup>
  <Import Condition="Exists('$(MSBuildThisFileDirectory)\Xmake.Custom.files.filters')" Project="$(MSBuildThisFileDirectory)\Xmake.Custom.files.filters" />
</Project>